# This file was autogenerated by uv via the following command:
#    uv pip compile pyproject.toml --output-file uv.lock
alembic==1.13.1
    # via auth (pyproject.toml)
annotated-types==0.7.0
    # via pydantic
anyio==4.9.0
    # via starlette
bcrypt==4.3.0
    # via passlib
cffi==1.17.1
    # via cryptography
click==8.2.1
    # via uvicorn
cryptography==45.0.5
    # via python-jose
dnspython==2.7.0
    # via email-validator
ecdsa==0.19.1
    # via python-jose
email-validator==2.2.0
    # via pydantic
fastapi==0.109.2
    # via auth (pyproject.toml)
greenlet==3.2.3
    # via sqlalchemy
h11==0.16.0
    # via uvicorn
idna==3.10
    # via
    #   anyio
    #   email-validator
mako==1.3.10
    # via alembic
markupsafe==3.0.2
    # via mako
passlib==1.7.4
    # via auth (pyproject.toml)
psycopg2-binary==2.9.9
    # via auth (pyproject.toml)
pyasn1==0.6.1
    # via
    #   python-jose
    #   rsa
pycparser==2.22
    # via cffi
pydantic==2.6.1
    # via
    #   auth (pyproject.toml)
    #   fastapi
pydantic-core==2.16.2
    # via pydantic
python-decouple==3.8
    # via auth (pyproject.toml)
python-jose==3.3.0
    # via auth (pyproject.toml)
python-multipart==0.0.9
    # via auth (pyproject.toml)
rsa==4.9.1
    # via python-jose
six==1.17.0
    # via ecdsa
sniffio==1.3.1
    # via anyio
sqlalchemy==2.0.27
    # via
    #   auth (pyproject.toml)
    #   alembic
starlette==0.36.3
    # via fastapi
typing-extensions==4.14.1
    # via
    #   alembic
    #   anyio
    #   fastapi
    #   pydantic
    #   pydantic-core
    #   sqlalchemy
uvicorn==0.27.1
    # via auth (pyproject.toml)
uvloop==0.19.0
    # via auth (pyproject.toml)
